
Microsoft Visual Studio Solution File, Format Version 12.00
# Visual Studio 15
VisualStudioVersion = 15.0.27703.2042
MinimumVisualStudioVersion = 10.0.40219.1
Project("{9A19103F-16F7-4668-BE54-9A1E7A4F7556}") = "AzureImageGallery", "AzureImageGallery\AzureImageGallery.csproj", "{5F473594-B843-4A95-B557-D4125C78EBFA}"
EndProject
Project("{9A19103F-16F7-4668-BE54-9A1E7A4F7556}") = "AzureImageGallery.Data", "AzureImageGallery.Data\AzureImageGallery.Data.csproj", "{02E9BD67-5DD2-43A0-8A6B-B81656B4AD6E}"
EndProject
Project("{FAE04EC0-301F-11D3-BF4B-00C04F79EFBC}") = "AzureImageGallery.Services", "AzureImageGallery.Services\AzureImageGallery.Services.csproj", "{DF216E5A-AB58-4350-BD4F-22AA5AEBCFA0}"
EndProject
Global
	GlobalSection(SolutionConfigurationPlatforms) = preSolution
		Debug|Any CPU = Debug|Any CPU
		Release|Any CPU = Release|Any CPU
	EndGlobalSection
	GlobalSection(ProjectConfigurationPlatforms) = postSolution
		{5F473594-B843-4A95-B557-D4125C78EBFA}.Debug|Any CPU.ActiveCfg = Debug|Any CPU
		{5F473594-B843-4A95-B557-D4125C78EBFA}.Debug|Any CPU.Build.0 = Debug|Any CPU
		{5F473594-B843-4A95-B557-D4125C78EBFA}.Release|Any CPU.ActiveCfg = Release|Any CPU
		{5F473594-B843-4A95-B557-D4125C78EBFA}.Release|Any CPU.Build.0 = Release|Any CPU
		{02E9BD67-5DD2-43A0-8A6B-B81656B4AD6E}.Debug|Any CPU.ActiveCfg = Debug|Any CPU
		{02E9BD67-5DD2-43A0-8A6B-B81656B4AD6E}.Debug|Any CPU.Build.0 = Debug|Any CPU
		{02E9BD67-5DD2-43A0-8A6B-B81656B4AD6E}.Release|Any CPU.ActiveCfg = Release|Any CPU
		{02E9BD67-5DD2-43A0-8A6B-B81656B4AD6E}.Release|Any CPU.Build.0 = Release|Any CPU
		{DF216E5A-AB58-4350-BD4F-22AA5AEBCFA0}.Debug|Any CPU.ActiveCfg = Debug|Any CPU
		{DF216E5A-AB58-4350-BD4F-22AA5AEBCFA0}.Debug|Any CPU.Build.0 = Debug|Any CPU
		{DF216E5A-AB58-4350-BD4F-22AA5AEBCFA0}.Release|Any CPU.ActiveCfg = Release|Any CPU
		{DF216E5A-AB58-4350-BD4F-22AA5AEBCFA0}.Release|Any CPU.Build.0 = Release|Any CPU
	EndGlobalSection
	GlobalSection(SolutionProperties) = preSolution
		HideSolutionNode = FALSE
	EndGlobalSection
	GlobalSection(ExtensibilityGlobals) = postSolution
		SolutionGuid = {F12F5635-7DCB-4963-A7A5-5665DD596F39}
	EndGlobalSection
EndGlobal
